
Microsoft Visual Studio Solution File, Format Version 12.00
# Visual Studio Version 17
VisualStudioVersion = 17.7.34024.191
MinimumVisualStudioVersion = 10.0.40219.1
Project("{FAE04EC0-301F-11D3-BF4B-00C04F79EFBC}") = "STIVE.WebAPI", "STIVE.WebAPI.csproj", "{260A8A2F-5C35-40D8-ADAE-A400379047F6}"
EndProject
Global
	GlobalSection(SolutionConfigurationPlatforms) = preSolution
		Debug|Any CPU = Debug|Any CPU
		Release|Any CPU = Release|Any CPU
	EndGlobalSection
	GlobalSection(ProjectConfigurationPlatforms) = postSolution
		{260A8A2F-5C35-40D8-ADAE-A400379047F6}.Debug|Any CPU.ActiveCfg = Debug|Any CPU
		{260A8A2F-5C35-40D8-ADAE-A400379047F6}.Debug|Any CPU.Build.0 = Debug|Any CPU
		{260A8A2F-5C35-40D8-ADAE-A400379047F6}.Release|Any CPU.ActiveCfg = Release|Any CPU
		{260A8A2F-5C35-40D8-ADAE-A400379047F6}.Release|Any CPU.Build.0 = Release|Any CPU
	EndGlobalSection
	GlobalSection(SolutionProperties) = preSolution
		HideSolutionNode = FALSE
	EndGlobalSection
	GlobalSection(ExtensibilityGlobals) = postSolution
		SolutionGuid = {F739A781-9860-4357-B057-1CBB7C295996}
	EndGlobalSection
EndGlobal
